
Microsoft Visual Studio Solution File, Format Version 12.00
# Visual Studio Version 17
VisualStudioVersion = 17.2.32526.322
MinimumVisualStudioVersion = 10.0.40219.1
Project("{9A19103F-16F7-4668-BE54-9A1E7A4F7556}") = "KampIntro", "KampIntro\KampIntro.csproj", "{53B0B8EB-2D80-48AA-9DEF-D46FC5FBCDAF}"
EndProject
Project("{9A19103F-16F7-4668-BE54-9A1E7A4F7556}") = "Döngüler", "döngüler\Döngüler.csproj", "{C66D4778-1DD2-43AD-B1CD-8EA5ED470C6F}"
EndProject
Project("{9A19103F-16F7-4668-BE54-9A1E7A4F7556}") = "ClassIntro", "classIntro\ClassIntro.csproj", "{8AA34B48-0A18-4C49-9C38-7A8459DEF95B}"
EndProject
Project("{9A19103F-16F7-4668-BE54-9A1E7A4F7556}") = "Metotlar", "Metotlar\Metotlar.csproj", "{068DA218-7713-4C26-BB9D-4C5D7F31F544}"
EndProject
Project("{FAE04EC0-301F-11D3-BF4B-00C04F79EFBC}") = "Matematik", "Matematik\Matematik.csproj", "{524C4DF4-443B-4488-BDDE-7ED46CF78578}"
EndProject
Project("{FAE04EC0-301F-11D3-BF4B-00C04F79EFBC}") = "DegerVeReferansTipler", "DegerVeReferansTipler\DegerVeReferansTipler.csproj", "{838FCBEB-1B3D-4D6E-83AB-742C77107515}"
EndProject
Global
	GlobalSection(SolutionConfigurationPlatforms) = preSolution
		Debug|Any CPU = Debug|Any CPU
		Release|Any CPU = Release|Any CPU
	EndGlobalSection
	GlobalSection(ProjectConfigurationPlatforms) = postSolution
		{53B0B8EB-2D80-48AA-9DEF-D46FC5FBCDAF}.Debug|Any CPU.ActiveCfg = Debug|Any CPU
		{53B0B8EB-2D80-48AA-9DEF-D46FC5FBCDAF}.Debug|Any CPU.Build.0 = Debug|Any CPU
		{53B0B8EB-2D80-48AA-9DEF-D46FC5FBCDAF}.Release|Any CPU.ActiveCfg = Release|Any CPU
		{53B0B8EB-2D80-48AA-9DEF-D46FC5FBCDAF}.Release|Any CPU.Build.0 = Release|Any CPU
		{C66D4778-1DD2-43AD-B1CD-8EA5ED470C6F}.Debug|Any CPU.ActiveCfg = Debug|Any CPU
		{C66D4778-1DD2-43AD-B1CD-8EA5ED470C6F}.Debug|Any CPU.Build.0 = Debug|Any CPU
		{C66D4778-1DD2-43AD-B1CD-8EA5ED470C6F}.Release|Any CPU.ActiveCfg = Release|Any CPU
		{C66D4778-1DD2-43AD-B1CD-8EA5ED470C6F}.Release|Any CPU.Build.0 = Release|Any CPU
		{8AA34B48-0A18-4C49-9C38-7A8459DEF95B}.Debug|Any CPU.ActiveCfg = Debug|Any CPU
		{8AA34B48-0A18-4C49-9C38-7A8459DEF95B}.Debug|Any CPU.Build.0 = Debug|Any CPU
		{8AA34B48-0A18-4C49-9C38-7A8459DEF95B}.Release|Any CPU.ActiveCfg = Release|Any CPU
		{8AA34B48-0A18-4C49-9C38-7A8459DEF95B}.Release|Any CPU.Build.0 = Release|Any CPU
		{068DA218-7713-4C26-BB9D-4C5D7F31F544}.Debug|Any CPU.ActiveCfg = Debug|Any CPU
		{068DA218-7713-4C26-BB9D-4C5D7F31F544}.Debug|Any CPU.Build.0 = Debug|Any CPU
		{068DA218-7713-4C26-BB9D-4C5D7F31F544}.Release|Any CPU.ActiveCfg = Release|Any CPU
		{068DA218-7713-4C26-BB9D-4C5D7F31F544}.Release|Any CPU.Build.0 = Release|Any CPU
		{524C4DF4-443B-4488-BDDE-7ED46CF78578}.Debug|Any CPU.ActiveCfg = Debug|Any CPU
		{524C4DF4-443B-4488-BDDE-7ED46CF78578}.Debug|Any CPU.Build.0 = Debug|Any CPU
		{524C4DF4-443B-4488-BDDE-7ED46CF78578}.Release|Any CPU.ActiveCfg = Release|Any CPU
		{524C4DF4-443B-4488-BDDE-7ED46CF78578}.Release|Any CPU.Build.0 = Release|Any CPU
		{838FCBEB-1B3D-4D6E-83AB-742C77107515}.Debug|Any CPU.ActiveCfg = Debug|Any CPU
		{838FCBEB-1B3D-4D6E-83AB-742C77107515}.Debug|Any CPU.Build.0 = Debug|Any CPU
		{838FCBEB-1B3D-4D6E-83AB-742C77107515}.Release|Any CPU.ActiveCfg = Release|Any CPU
		{838FCBEB-1B3D-4D6E-83AB-742C77107515}.Release|Any CPU.Build.0 = Release|Any CPU
	EndGlobalSection
	GlobalSection(SolutionProperties) = preSolution
		HideSolutionNode = FALSE
	EndGlobalSection
	GlobalSection(ExtensibilityGlobals) = postSolution
		SolutionGuid = {D63BF428-431D-44FB-818A-241DE20D9BA6}
	EndGlobalSection
EndGlobal
